// !$*UTF8*$!
{
	archiveVersion = 1;
	classes = {
	};
	objectVersion = 55;
	objects = {

/* Begin PBXBuildFile section */
		F7072CFC282EB2DD00D98317 /* BookData.xcdatamodeld in Sources */ = {isa = PBXBuildFile; fileRef = F7072CFA282EB2DD00D98317 /* BookData.xcdatamodeld */; };
		F7072CFE282EB42200D98317 /* AddBookView.swift in Sources */ = {isa = PBXBuildFile; fileRef = F7072CFD282EB42200D98317 /* AddBookView.swift */; };
		F73DA150282ED07E00F13453 /* RatingView.swift in Sources */ = {isa = PBXBuildFile; fileRef = F73DA14F282ED07E00F13453 /* RatingView.swift */; };
		F73DA152282EDC3A00F13453 /* EmojiRatingView.swift in Sources */ = {isa = PBXBuildFile; fileRef = F73DA151282EDC3A00F13453 /* EmojiRatingView.swift */; };
		F73DCBA7282F94BF0044D5C8 /* DetailView.swift in Sources */ = {isa = PBXBuildFile; fileRef = F73DCBA6282F94BF0044D5C8 /* DetailView.swift */; };
		F777D927282D8CB700245808 /* BookwormApp.swift in Sources */ = {isa = PBXBuildFile; fileRef = F777D926282D8CB700245808 /* BookwormApp.swift */; };
		F777D929282D8CB700245808 /* ContentView.swift in Sources */ = {isa = PBXBuildFile; fileRef = F777D928282D8CB700245808 /* ContentView.swift */; };
		F777D92B282D8CBC00245808 /* Assets.xcassets in Resources */ = {isa = PBXBuildFile; fileRef = F777D92A282D8CBC00245808 /* Assets.xcassets */; };
		F777D92E282D8CBC00245808 /* Preview Assets.xcassets in Resources */ = {isa = PBXBuildFile; fileRef = F777D92D282D8CBC00245808 /* Preview Assets.xcassets */; };
		F777D938282D951200245808 /* BindingPropertyWrapper.swift in Sources */ = {isa = PBXBuildFile; fileRef = F777D937282D951200245808 /* BindingPropertyWrapper.swift */; };
		F777D93A282D95AC00245808 /* MultiLineText.swift in Sources */ = {isa = PBXBuildFile; fileRef = F777D939282D95AC00245808 /* MultiLineText.swift */; };
		F777D93F282D998500245808 /* DataController.swift in Sources */ = {isa = PBXBuildFile; fileRef = F777D93E282D998500245808 /* DataController.swift */; };
/* End PBXBuildFile section */

/* Begin PBXFileReference section */
		F7072CFB282EB2DD00D98317 /* BookData.xcdatamodel */ = {isa = PBXFileReference; lastKnownFileType = wrapper.xcdatamodel; path = BookData.xcdatamodel; sourceTree = "<group>"; };
		F7072CFD282EB42200D98317 /* AddBookView.swift */ = {isa = PBXFileReference; lastKnownFileType = sourcecode.swift; path = AddBookView.swift; sourceTree = "<group>"; };
		F73DA14F282ED07E00F13453 /* RatingView.swift */ = {isa = PBXFileReference; lastKnownFileType = sourcecode.swift; path = RatingView.swift; sourceTree = "<group>"; };
		F73DA151282EDC3A00F13453 /* EmojiRatingView.swift */ = {isa = PBXFileReference; lastKnownFileType = sourcecode.swift; path = EmojiRatingView.swift; sourceTree = "<group>"; };
		F73DCBA6282F94BF0044D5C8 /* DetailView.swift */ = {isa = PBXFileReference; lastKnownFileType = sourcecode.swift; path = DetailView.swift; sourceTree = "<group>"; };
		F777D923282D8CB700245808 /* Bookworm.app */ = {isa = PBXFileReference; explicitFileType = wrapper.application; includeInIndex = 0; path = Bookworm.app; sourceTree = BUILT_PRODUCTS_DIR; };
		F777D926282D8CB700245808 /* BookwormApp.swift */ = {isa = PBXFileReference; lastKnownFileType = sourcecode.swift; path = BookwormApp.swift; sourceTree = "<group>"; };
		F777D928282D8CB700245808 /* ContentView.swift */ = {isa = PBXFileReference; lastKnownFileType = sourcecode.swift; path = ContentView.swift; sourceTree = "<group>"; };
		F777D92A282D8CBC00245808 /* Assets.xcassets */ = {isa = PBXFileReference; lastKnownFileType = folder.assetcatalog; path = Assets.xcassets; sourceTree = "<group>"; };
		F777D92D282D8CBC00245808 /* Preview Assets.xcassets */ = {isa = PBXFileReference; lastKnownFileType = folder.assetcatalog; path = "Preview Assets.xcassets"; sourceTree = "<group>"; };
		F777D937282D951200245808 /* BindingPropertyWrapper.swift */ = {isa = PBXFileReference; lastKnownFileType = sourcecode.swift; path = BindingPropertyWrapper.swift; sourceTree = "<group>"; };
		F777D939282D95AC00245808 /* MultiLineText.swift */ = {isa = PBXFileReference; lastKnownFileType = sourcecode.swift; path = MultiLineText.swift; sourceTree = "<group>"; };
		F777D93E282D998500245808 /* DataController.swift */ = {isa = PBXFileReference; lastKnownFileType = sourcecode.swift; path = DataController.swift; sourceTree = "<group>"; };
/* End PBXFileReference section */

/* Begin PBXFrameworksBuildPhase section */
		F777D920282D8CB700245808 /* Frameworks */ = {
			isa = PBXFrameworksBuildPhase;
			buildActionMask = 2147483647;
			files = (
			);
			runOnlyForDeploymentPostprocessing = 0;
		};
/* End PBXFrameworksBuildPhase section */

/* Begin PBXGroup section */
		F777D91A282D8CB700245808 = {
			isa = PBXGroup;
			children = (
				F777D925282D8CB700245808 /* Bookworm */,
				F777D924282D8CB700245808 /* Products */,
			);
			sourceTree = "<group>";
		};
		F777D924282D8CB700245808 /* Products */ = {
			isa = PBXGroup;
			children = (
				F777D923282D8CB700245808 /* Bookworm.app */,
			);
			name = Products;
			sourceTree = "<group>";
		};
		F777D925282D8CB700245808 /* Bookworm */ = {
			isa = PBXGroup;
			children = (
				F777D926282D8CB700245808 /* BookwormApp.swift */,
				F777D928282D8CB700245808 /* ContentView.swift */,
				F73DCBA6282F94BF0044D5C8 /* DetailView.swift */,
				F7072CFD282EB42200D98317 /* AddBookView.swift */,
				F73DA14F282ED07E00F13453 /* RatingView.swift */,
				F73DA151282EDC3A00F13453 /* EmojiRatingView.swift */,
				F777D93E282D998500245808 /* DataController.swift */,
				F7072CFA282EB2DD00D98317 /* BookData.xcdatamodeld */,
				F777D934282D8CCD00245808 /* Lessons */,
				F777D92A282D8CBC00245808 /* Assets.xcassets */,
				F777D92C282D8CBC00245808 /* Preview Content */,
			);
			path = Bookworm;
			sourceTree = "<group>";
		};
		F777D92C282D8CBC00245808 /* Preview Content */ = {
			isa = PBXGroup;
			children = (
				F777D92D282D8CBC00245808 /* Preview Assets.xcassets */,
			);
			path = "Preview Content";
			sourceTree = "<group>";
		};
		F777D934282D8CCD00245808 /* Lessons */ = {
			isa = PBXGroup;
			children = (
				F777D937282D951200245808 /* BindingPropertyWrapper.swift */,
				F777D939282D95AC00245808 /* MultiLineText.swift */,
			);
			path = Lessons;
			sourceTree = "<group>";
		};
/* End PBXGroup section */

/* Begin PBXNativeTarget section */
		F777D922282D8CB700245808 /* Bookworm */ = {
			isa = PBXNativeTarget;
			buildConfigurationList = F777D931282D8CBC00245808 /* Build configuration list for PBXNativeTarget "Bookworm" */;
			buildPhases = (
				F777D91F282D8CB700245808 /* Sources */,
				F777D920282D8CB700245808 /* Frameworks */,
				F777D921282D8CB700245808 /* Resources */,
			);
			buildRules = (
			);
			dependencies = (
			);
			name = Bookworm;
			productName = Bookworm;
			productReference = F777D923282D8CB700245808 /* Bookworm.app */;
			productType = "com.apple.product-type.application";
		};
/* End PBXNativeTarget section */

/* Begin PBXProject section */
		F777D91B282D8CB700245808 /* Project object */ = {
			isa = PBXProject;
			attributes = {
				BuildIndependentTargetsInParallel = 1;
				LastSwiftUpdateCheck = 1320;
				LastUpgradeCheck = 1320;
				TargetAttributes = {
					F777D922282D8CB700245808 = {
						CreatedOnToolsVersion = 13.2.1;
					};
				};
			};
			buildConfigurationList = F777D91E282D8CB700245808 /* Build configuration list for PBXProject "Bookworm" */;
			compatibilityVersion = "Xcode 13.0";
			developmentRegion = en;
			hasScannedForEncodings = 0;
			knownRegions = (
				en,
				Base,
			);
			mainGroup = F777D91A282D8CB700245808;
			productRefGroup = F777D924282D8CB700245808 /* Products */;
			projectDirPath = "";
			projectRoot = "";
			targets = (
				F777D922282D8CB700245808 /* Bookworm */,
			);
		};
/* End PBXProject section */

/* Begin PBXResourcesBuildPhase section */
		F777D921282D8CB700245808 /* Resources */ = {
			isa = PBXResourcesBuildPhase;
			buildActionMask = 2147483647;
			files = (
				F777D92E282D8CBC00245808 /* Preview Assets.xcassets in Resources */,
				F777D92B282D8CBC00245808 /* Assets.xcassets in Resources */,
			);
			runOnlyForDeploymentPostprocessing = 0;
		};
/* End PBXResourcesBuildPhase section */

/* Begin PBXSourcesBuildPhase section */
		F777D91F282D8CB700245808 /* Sources */ = {
			isa = PBXSourcesBuildPhase;
			buildActionMask = 2147483647;
			files = (
				F7072CFE282EB42200D98317 /* AddBookView.swift in Sources */,
				F73DA152282EDC3A00F13453 /* EmojiRatingView.swift in Sources */,
				F777D929282D8CB700245808 /* ContentView.swift in Sources */,
				F73DCBA7282F94BF0044D5C8 /* DetailView.swift in Sources */,
				F777D93F282D998500245808 /* DataController.swift in Sources */,
				F73DA150282ED07E00F13453 /* RatingView.swift in Sources */,
				F777D938282D951200245808 /* BindingPropertyWrapper.swift in Sources */,
				F777D93A282D95AC00245808 /* MultiLineText.swift in Sources */,
				F7072CFC282EB2DD00D98317 /* BookData.xcdatamodeld in Sources */,
				F777D927282D8CB700245808 /* BookwormApp.swift in Sources */,
			);
			runOnlyForDeploymentPostprocessing = 0;
		};
/* End PBXSourcesBuildPhase section */

/* Begin XCBuildConfiguration section */
		F777D92F282D8CBC00245808 /* Debug */ = {
			isa = XCBuildConfiguration;
			buildSettings = {
				ALWAYS_SEARCH_USER_PATHS = NO;
				CLANG_ANALYZER_NONNULL = YES;
				CLANG_ANALYZER_NUMBER_OBJECT_CONVERSION = YES_AGGRESSIVE;
				CLANG_CXX_LANGUAGE_STANDARD = "gnu++17";
				CLANG_CXX_LIBRARY = "libc++";
				CLANG_ENABLE_MODULES = YES;
				CLANG_ENABLE_OBJC_ARC = YES;
				CLANG_ENABLE_OBJC_WEAK = YES;
				CLANG_WARN_BLOCK_CAPTURE_AUTORELEASING = YES;
				CLANG_WARN_BOOL_CONVERSION = YES;
				CLANG_WARN_COMMA = YES;
				CLANG_WARN_CONSTANT_CONVERSION = YES;
				CLANG_WARN_DEPRECATED_OBJC_IMPLEMENTATIONS = YES;
				CLANG_WARN_DIRECT_OBJC_ISA_USAGE = YES_ERROR;
				CLANG_WARN_DOCUMENTATION_COMMENTS = YES;
				CLANG_WARN_EMPTY_BODY = YES;
				CLANG_WARN_ENUM_CONVERSION = YES;
				CLANG_WARN_INFINITE_RECURSION = YES;
				CLANG_WARN_INT_CONVERSION = YES;
				CLANG_WARN_NON_LITERAL_NULL_CONVERSION = YES;
				CLANG_WARN_OBJC_IMPLICIT_RETAIN_SELF = YES;
				CLANG_WARN_OBJC_LITERAL_CONVERSION = YES;
				CLANG_WARN_OBJC_ROOT_CLASS = YES_ERROR;
				CLANG_WARN_QUOTED_INCLUDE_IN_FRAMEWORK_HEADER = YES;
				CLANG_WARN_RANGE_LOOP_ANALYSIS = YES;
				CLANG_WARN_STRICT_PROTOTYPES = YES;
				CLANG_WARN_SUSPICIOUS_MOVE = YES;
				CLANG_WARN_UNGUARDED_AVAILABILITY = YES_AGGRESSIVE;
				CLANG_WARN_UNREACHABLE_CODE = YES;
				CLANG_WARN__DUPLICATE_METHOD_MATCH = YES;
				COPY_PHASE_STRIP = NO;
				DEBUG_INFORMATION_FORMAT = dwarf;
				ENABLE_STRICT_OBJC_MSGSEND = YES;
				ENABLE_TESTABILITY = YES;
				GCC_C_LANGUAGE_STANDARD = gnu11;
				GCC_DYNAMIC_NO_PIC = NO;
				GCC_NO_COMMON_BLOCKS = YES;
				GCC_OPTIMIZATION_LEVEL = 0;
				GCC_PREPROCESSOR_DEFINITIONS = (
					"DEBUG=1",
					"$(inherited)",
				);
				GCC_WARN_64_TO_32_BIT_CONVERSION = YES;
				GCC_WARN_ABOUT_RETURN_TYPE = YES_ERROR;
				GCC_WARN_UNDECLARED_SELECTOR = YES;
				GCC_WARN_UNINITIALIZED_AUTOS = YES_AGGRESSIVE;
				GCC_WARN_UNUSED_FUNCTION = YES;
				GCC_WARN_UNUSED_VARIABLE = YES;
				IPHONEOS_DEPLOYMENT_TARGET = 15.2;
				MTL_ENABLE_DEBUG_INFO = INCLUDE_SOURCE;
				MTL_FAST_MATH = YES;
				ONLY_ACTIVE_ARCH = YES;
				SDKROOT = iphoneos;
				SWIFT_ACTIVE_COMPILATION_CONDITIONS = DEBUG;
				SWIFT_OPTIMIZATION_LEVEL = "-Onone";
			};
			name = Debug;
		};
		F777D930282D8CBC00245808 /* Release */ = {
			isa = XCBuildConfiguration;
			buildSettings = {
				ALWAYS_SEARCH_USER_PATHS = NO;
				CLANG_ANALYZER_NONNULL = YES;
				CLANG_ANALYZER_NUMBER_OBJECT_CONVERSION = YES_AGGRESSIVE;
				CLANG_CXX_LANGUAGE_STANDARD = "gnu++17";
				CLANG_CXX_LIBRARY = "libc++";
				CLANG_ENABLE_MODULES = YES;
				CLANG_ENABLE_OBJC_ARC = YES;
				CLANG_ENABLE_OBJC_WEAK = YES;
				CLANG_WARN_BLOCK_CAPTURE_AUTORELEASING = YES;
				CLANG_WARN_BOOL_CONVERSION = YES;
				CLANG_WARN_COMMA = YES;
				CLANG_WARN_CONSTANT_CONVERSION = YES;
				CLANG_WARN_DEPRECATED_OBJC_IMPLEMENTATIONS = YES;
				CLANG_WARN_DIRECT_OBJC_ISA_USAGE = YES_ERROR;
				CLANG_WARN_DOCUMENTATION_COMMENTS = YES;
				CLANG_WARN_EMPTY_BODY = YES;
				CLANG_WARN_ENUM_CONVERSION = YES;
				CLANG_WARN_INFINITE_RECURSION = YES;
				CLANG_WARN_INT_CONVERSION = YES;
				CLANG_WARN_NON_LITERAL_NULL_CONVERSION = YES;
				CLANG_WARN_OBJC_IMPLICIT_RETAIN_SELF = YES;
				CLANG_WARN_OBJC_LITERAL_CONVERSION = YES;
				CLANG_WARN_OBJC_ROOT_CLASS = YES_ERROR;
				CLANG_WARN_QUOTED_INCLUDE_IN_FRAMEWORK_HEADER = YES;
				CLANG_WARN_RANGE_LOOP_ANALYSIS = YES;
				CLANG_WARN_STRICT_PROTOTYPES = YES;
				CLANG_WARN_SUSPICIOUS_MOVE = YES;
				CLANG_WARN_UNGUARDED_AVAILABILITY = YES_AGGRESSIVE;
				CLANG_WARN_UNREACHABLE_CODE = YES;
				CLANG_WARN__DUPLICATE_METHOD_MATCH = YES;
				COPY_PHASE_STRIP = NO;
				DEBUG_INFORMATION_FORMAT = "dwarf-with-dsym";
				ENABLE_NS_ASSERTIONS = NO;
				ENABLE_STRICT_OBJC_MSGSEND = YES;
				GCC_C_LANGUAGE_STANDARD = gnu11;
				GCC_NO_COMMON_BLOCKS = YES;
				GCC_WARN_64_TO_32_BIT_CONVERSION = YES;
				GCC_WARN_ABOUT_RETURN_TYPE = YES_ERROR;
				GCC_WARN_UNDECLARED_SELECTOR = YES;
				GCC_WARN_UNINITIALIZED_AUTOS = YES_AGGRESSIVE;
				GCC_WARN_UNUSED_FUNCTION = YES;
				GCC_WARN_UNUSED_VARIABLE = YES;
				IPHONEOS_DEPLOYMENT_TARGET = 15.2;
				MTL_ENABLE_DEBUG_INFO = NO;
				MTL_FAST_MATH = YES;
				SDKROOT = iphoneos;
				SWIFT_COMPILATION_MODE = wholemodule;
				SWIFT_OPTIMIZATION_LEVEL = "-O";
				VALIDATE_PRODUCT = YES;
			};
			name = Release;
		};
		F777D932282D8CBC00245808 /* Debug */ = {
			isa = XCBuildConfiguration;
			buildSettings = {
				ASSETCATALOG_COMPILER_APPICON_NAME = AppIcon;
				ASSETCATALOG_COMPILER_GLOBAL_ACCENT_COLOR_NAME = AccentColor;
				CODE_SIGN_STYLE = Automatic;
				CURRENT_PROJECT_VERSION = 1;
				DEVELOPMENT_ASSET_PATHS = "\"Bookworm/Preview Content\"";
				ENABLE_PREVIEWS = YES;
				GENERATE_INFOPLIST_FILE = YES;
				INFOPLIST_KEY_UIApplicationSceneManifest_Generation = YES;
				INFOPLIST_KEY_UIApplicationSupportsIndirectInputEvents = YES;
				INFOPLIST_KEY_UILaunchScreen_Generation = YES;
				INFOPLIST_KEY_UISupportedInterfaceOrientations_iPad = "UIInterfaceOrientationPortrait UIInterfaceOrientationPortraitUpsideDown UIInterfaceOrientationLandscapeLeft UIInterfaceOrientationLandscapeRight";
				INFOPLIST_KEY_UISupportedInterfaceOrientations_iPhone = "UIInterfaceOrientationPortrait UIInterfaceOrientationLandscapeLeft UIInterfaceOrientationLandscapeRight";
				LD_RUNPATH_SEARCH_PATHS = (
					"$(inherited)",
					"@executable_path/Frameworks",
				);
				MARKETING_VERSION = 1.0;
				PRODUCT_BUNDLE_IDENTIFIER = com.bozkurt.Bookworm;
				PRODUCT_NAME = "$(TARGET_NAME)";
				SWIFT_EMIT_LOC_STRINGS = YES;
				SWIFT_VERSION = 5.0;
				TARGETED_DEVICE_FAMILY = "1,2";
			};
			name = Debug;
		};
		F777D933282D8CBC00245808 /* Release */ = {
			isa = XCBuildConfiguration;
			buildSettings = {
				ASSETCATALOG_COMPILER_APPICON_NAME = AppIcon;
				ASSETCATALOG_COMPILER_GLOBAL_ACCENT_COLOR_NAME = AccentColor;
				CODE_SIGN_STYLE = Automatic;
				CURRENT_PROJECT_VERSION = 1;
				DEVELOPMENT_ASSET_PATHS = "\"Bookworm/Preview Content\"";
				ENABLE_PREVIEWS = YES;
				GENERATE_INFOPLIST_FILE = YES;
				INFOPLIST_KEY_UIApplicationSceneManifest_Generation = YES;
				INFOPLIST_KEY_UIApplicationSupportsIndirectInputEvents = YES;
				INFOPLIST_KEY_UILaunchScreen_Generation = YES;
				INFOPLIST_KEY_UISupportedInterfaceOrientations_iPad = "UIInterfaceOrientationPortrait UIInterfaceOrientationPortraitUpsideDown UIInterfaceOrientationLandscapeLeft UIInterfaceOrientationLandscapeRight";
				INFOPLIST_KEY_UISupportedInterfaceOrientations_iPhone = "UIInterfaceOrientationPortrait UIInterfaceOrientationLandscapeLeft UIInterfaceOrientationLandscapeRight";
				LD_RUNPATH_SEARCH_PATHS = (
					"$(inherited)",
					"@executable_path/Frameworks",
				);
				MARKETING_VERSION = 1.0;
				PRODUCT_BUNDLE_IDENTIFIER = com.bozkurt.Bookworm;
				PRODUCT_NAME = "$(TARGET_NAME)";
				SWIFT_EMIT_LOC_STRINGS = YES;
				SWIFT_VERSION = 5.0;
				TARGETED_DEVICE_FAMILY = "1,2";
			};
			name = Release;
		};
/* End XCBuildConfiguration section */

/* Begin XCConfigurationList section */
		F777D91E282D8CB700245808 /* Build configuration list for PBXProject "Bookworm" */ = {
			isa = XCConfigurationList;
			buildConfigurations = (
				F777D92F282D8CBC00245808 /* Debug */,
				F777D930282D8CBC00245808 /* Release */,
			);
			defaultConfigurationIsVisible = 0;
			defaultConfigurationName = Release;
		};
		F777D931282D8CBC00245808 /* Build configuration list for PBXNativeTarget "Bookworm" */ = {
			isa = XCConfigurationList;
			buildConfigurations = (
				F777D932282D8CBC00245808 /* Debug */,
				F777D933282D8CBC00245808 /* Release */,
			);
			defaultConfigurationIsVisible = 0;
			defaultConfigurationName = Release;
		};
/* End XCConfigurationList section */

/* Begin XCVersionGroup section */
		F7072CFA282EB2DD00D98317 /* BookData.xcdatamodeld */ = {
			isa = XCVersionGroup;
			children = (
				F7072CFB282EB2DD00D98317 /* BookData.xcdatamodel */,
			);
			currentVersion = F7072CFB282EB2DD00D98317 /* BookData.xcdatamodel */;
			path = BookData.xcdatamodeld;
			sourceTree = "<group>";
			versionGroupType = wrapper.xcdatamodel;
		};
/* End XCVersionGroup section */
	};
	rootObject = F777D91B282D8CB700245808 /* Project object */;
}
